
Microsoft Visual Studio Solution File, Format Version 12.00
# Visual Studio 15
VisualStudioVersion = 15.0.27130.2036
MinimumVisualStudioVersion = 10.0.40219.1
Project("{2150E333-8FDC-42A3-9474-1A3956D46DE8}") = "src", "src", "{962EC435-6130-4B75-BAC1-12323B067443}"
EndProject
Project("{9A19103F-16F7-4668-BE54-9A1E7A4F7556}") = "JsonRpcSharp.Client", "src\JsonRpcSharp.Client\JsonRpcSharp.Client.csproj", "{84A6BAA7-32B3-4D99-9280-87023BFF0A5B}"
EndProject
Project("{9A19103F-16F7-4668-BE54-9A1E7A4F7556}") = "JsonRpcSharp.IpcClient", "src\JsonRpcSharp.IpcClient\JsonRpcSharp.IpcClient.csproj", "{3D85110C-80C3-4136-A828-22CB066362A0}"
EndProject
Project("{9A19103F-16F7-4668-BE54-9A1E7A4F7556}") = "JsonRpcSharp.RpcClient", "src\JsonRpcSharp.RpcClient\JsonRpcSharp.RpcClient.csproj", "{3F8D6B13-B483-4873-8946-106D25BF6212}"
EndProject
Project("{9A19103F-16F7-4668-BE54-9A1E7A4F7556}") = "JsonRpcSharp.WebSocketClient", "src\JsonRpcSharp.WebSocketClient\JsonRpcSharp.WebSocketClient.csproj", "{82A720E5-CF5C-4963-86CE-BEEE3040B413}"
EndProject
Project("{9A19103F-16F7-4668-BE54-9A1E7A4F7556}") = "JsonRpcSharp.UnixIpcClient", "src\JsonRpcSharp.UnixIpcClient\JsonRpcSharp.UnixIpcClient.csproj", "{B3BE5EF3-FBB8-4CDB-A6DF-A2E869A3C4EF}"
EndProject
Project("{6EC3EE1D-3C4E-46DD-8F32-0CC8E7565705}") = "JsonRpcSharp.TcpClient", "src\JsonRpcSharp.TcpClient\JsonRpcSharp.TcpClient.fsproj", "{5758108B-0965-4063-9780-8E8B11EC5193}"
EndProject
Global
	GlobalSection(SolutionConfigurationPlatforms) = preSolution
		Debug|Any CPU = Debug|Any CPU
		Debug|ARM = Debug|ARM
		Debug|x64 = Debug|x64
		Debug|x86 = Debug|x86
		Release|Any CPU = Release|Any CPU
		Release|ARM = Release|ARM
		Release|x64 = Release|x64
		Release|x86 = Release|x86
	EndGlobalSection
	GlobalSection(ProjectConfigurationPlatforms) = postSolution
		{84A6BAA7-32B3-4D99-9280-87023BFF0A5B}.Debug|Any CPU.ActiveCfg = Debug|Any CPU
		{84A6BAA7-32B3-4D99-9280-87023BFF0A5B}.Debug|Any CPU.Build.0 = Debug|Any CPU
		{84A6BAA7-32B3-4D99-9280-87023BFF0A5B}.Debug|ARM.ActiveCfg = Debug|Any CPU
		{84A6BAA7-32B3-4D99-9280-87023BFF0A5B}.Debug|ARM.Build.0 = Debug|Any CPU
		{84A6BAA7-32B3-4D99-9280-87023BFF0A5B}.Debug|x64.ActiveCfg = Debug|Any CPU
		{84A6BAA7-32B3-4D99-9280-87023BFF0A5B}.Debug|x64.Build.0 = Debug|Any CPU
		{84A6BAA7-32B3-4D99-9280-87023BFF0A5B}.Debug|x86.ActiveCfg = Debug|Any CPU
		{84A6BAA7-32B3-4D99-9280-87023BFF0A5B}.Debug|x86.Build.0 = Debug|Any CPU
		{84A6BAA7-32B3-4D99-9280-87023BFF0A5B}.Release|Any CPU.ActiveCfg = Release|Any CPU
		{84A6BAA7-32B3-4D99-9280-87023BFF0A5B}.Release|Any CPU.Build.0 = Release|Any CPU
		{84A6BAA7-32B3-4D99-9280-87023BFF0A5B}.Release|ARM.ActiveCfg = Release|Any CPU
		{84A6BAA7-32B3-4D99-9280-87023BFF0A5B}.Release|ARM.Build.0 = Release|Any CPU
		{84A6BAA7-32B3-4D99-9280-87023BFF0A5B}.Release|x64.ActiveCfg = Release|Any CPU
		{84A6BAA7-32B3-4D99-9280-87023BFF0A5B}.Release|x64.Build.0 = Release|Any CPU
		{84A6BAA7-32B3-4D99-9280-87023BFF0A5B}.Release|x86.ActiveCfg = Release|Any CPU
		{84A6BAA7-32B3-4D99-9280-87023BFF0A5B}.Release|x86.Build.0 = Release|Any CPU
		{3D85110C-80C3-4136-A828-22CB066362A0}.Debug|Any CPU.ActiveCfg = Debug|Any CPU
		{3D85110C-80C3-4136-A828-22CB066362A0}.Debug|Any CPU.Build.0 = Debug|Any CPU
		{3D85110C-80C3-4136-A828-22CB066362A0}.Debug|ARM.ActiveCfg = Debug|Any CPU
		{3D85110C-80C3-4136-A828-22CB066362A0}.Debug|ARM.Build.0 = Debug|Any CPU
		{3D85110C-80C3-4136-A828-22CB066362A0}.Debug|x64.ActiveCfg = Debug|Any CPU
		{3D85110C-80C3-4136-A828-22CB066362A0}.Debug|x64.Build.0 = Debug|Any CPU
		{3D85110C-80C3-4136-A828-22CB066362A0}.Debug|x86.ActiveCfg = Debug|Any CPU
		{3D85110C-80C3-4136-A828-22CB066362A0}.Debug|x86.Build.0 = Debug|Any CPU
		{3D85110C-80C3-4136-A828-22CB066362A0}.Release|Any CPU.ActiveCfg = Release|Any CPU
		{3D85110C-80C3-4136-A828-22CB066362A0}.Release|Any CPU.Build.0 = Release|Any CPU
		{3D85110C-80C3-4136-A828-22CB066362A0}.Release|ARM.ActiveCfg = Release|Any CPU
		{3D85110C-80C3-4136-A828-22CB066362A0}.Release|ARM.Build.0 = Release|Any CPU
		{3D85110C-80C3-4136-A828-22CB066362A0}.Release|x64.ActiveCfg = Release|Any CPU
		{3D85110C-80C3-4136-A828-22CB066362A0}.Release|x64.Build.0 = Release|Any CPU
		{3D85110C-80C3-4136-A828-22CB066362A0}.Release|x86.ActiveCfg = Release|Any CPU
		{3D85110C-80C3-4136-A828-22CB066362A0}.Release|x86.Build.0 = Release|Any CPU
		{3F8D6B13-B483-4873-8946-106D25BF6212}.Debug|Any CPU.ActiveCfg = Debug|Any CPU
		{3F8D6B13-B483-4873-8946-106D25BF6212}.Debug|Any CPU.Build.0 = Debug|Any CPU
		{3F8D6B13-B483-4873-8946-106D25BF6212}.Debug|ARM.ActiveCfg = Debug|Any CPU
		{3F8D6B13-B483-4873-8946-106D25BF6212}.Debug|ARM.Build.0 = Debug|Any CPU
		{3F8D6B13-B483-4873-8946-106D25BF6212}.Debug|x64.ActiveCfg = Debug|Any CPU
		{3F8D6B13-B483-4873-8946-106D25BF6212}.Debug|x64.Build.0 = Debug|Any CPU
		{3F8D6B13-B483-4873-8946-106D25BF6212}.Debug|x86.ActiveCfg = Debug|Any CPU
		{3F8D6B13-B483-4873-8946-106D25BF6212}.Debug|x86.Build.0 = Debug|Any CPU
		{3F8D6B13-B483-4873-8946-106D25BF6212}.Release|Any CPU.ActiveCfg = Release|Any CPU
		{3F8D6B13-B483-4873-8946-106D25BF6212}.Release|Any CPU.Build.0 = Release|Any CPU
		{3F8D6B13-B483-4873-8946-106D25BF6212}.Release|ARM.ActiveCfg = Release|Any CPU
		{3F8D6B13-B483-4873-8946-106D25BF6212}.Release|ARM.Build.0 = Release|Any CPU
		{3F8D6B13-B483-4873-8946-106D25BF6212}.Release|x64.ActiveCfg = Release|Any CPU
		{3F8D6B13-B483-4873-8946-106D25BF6212}.Release|x64.Build.0 = Release|Any CPU
		{3F8D6B13-B483-4873-8946-106D25BF6212}.Release|x86.ActiveCfg = Release|Any CPU
		{3F8D6B13-B483-4873-8946-106D25BF6212}.Release|x86.Build.0 = Release|Any CPU
		{82A720E5-CF5C-4963-86CE-BEEE3040B413}.Debug|Any CPU.ActiveCfg = Debug|Any CPU
		{82A720E5-CF5C-4963-86CE-BEEE3040B413}.Debug|Any CPU.Build.0 = Debug|Any CPU
		{82A720E5-CF5C-4963-86CE-BEEE3040B413}.Debug|ARM.ActiveCfg = Debug|Any CPU
		{82A720E5-CF5C-4963-86CE-BEEE3040B413}.Debug|ARM.Build.0 = Debug|Any CPU
		{82A720E5-CF5C-4963-86CE-BEEE3040B413}.Debug|x64.ActiveCfg = Debug|Any CPU
		{82A720E5-CF5C-4963-86CE-BEEE3040B413}.Debug|x64.Build.0 = Debug|Any CPU
		{82A720E5-CF5C-4963-86CE-BEEE3040B413}.Debug|x86.ActiveCfg = Debug|Any CPU
		{82A720E5-CF5C-4963-86CE-BEEE3040B413}.Debug|x86.Build.0 = Debug|Any CPU
		{82A720E5-CF5C-4963-86CE-BEEE3040B413}.Release|Any CPU.ActiveCfg = Release|Any CPU
		{82A720E5-CF5C-4963-86CE-BEEE3040B413}.Release|Any CPU.Build.0 = Release|Any CPU
		{82A720E5-CF5C-4963-86CE-BEEE3040B413}.Release|ARM.ActiveCfg = Release|Any CPU
		{82A720E5-CF5C-4963-86CE-BEEE3040B413}.Release|ARM.Build.0 = Release|Any CPU
		{82A720E5-CF5C-4963-86CE-BEEE3040B413}.Release|x64.ActiveCfg = Release|Any CPU
		{82A720E5-CF5C-4963-86CE-BEEE3040B413}.Release|x64.Build.0 = Release|Any CPU
		{82A720E5-CF5C-4963-86CE-BEEE3040B413}.Release|x86.ActiveCfg = Release|Any CPU
		{82A720E5-CF5C-4963-86CE-BEEE3040B413}.Release|x86.Build.0 = Release|Any CPU
		{B3BE5EF3-FBB8-4CDB-A6DF-A2E869A3C4EF}.Debug|Any CPU.ActiveCfg = Debug|Any CPU
		{B3BE5EF3-FBB8-4CDB-A6DF-A2E869A3C4EF}.Debug|Any CPU.Build.0 = Debug|Any CPU
		{B3BE5EF3-FBB8-4CDB-A6DF-A2E869A3C4EF}.Debug|ARM.ActiveCfg = Debug|Any CPU
		{B3BE5EF3-FBB8-4CDB-A6DF-A2E869A3C4EF}.Debug|ARM.Build.0 = Debug|Any CPU
		{B3BE5EF3-FBB8-4CDB-A6DF-A2E869A3C4EF}.Debug|x64.ActiveCfg = Debug|Any CPU
		{B3BE5EF3-FBB8-4CDB-A6DF-A2E869A3C4EF}.Debug|x64.Build.0 = Debug|Any CPU
		{B3BE5EF3-FBB8-4CDB-A6DF-A2E869A3C4EF}.Debug|x86.ActiveCfg = Debug|Any CPU
		{B3BE5EF3-FBB8-4CDB-A6DF-A2E869A3C4EF}.Debug|x86.Build.0 = Debug|Any CPU
		{B3BE5EF3-FBB8-4CDB-A6DF-A2E869A3C4EF}.Release|Any CPU.ActiveCfg = Release|Any CPU
		{B3BE5EF3-FBB8-4CDB-A6DF-A2E869A3C4EF}.Release|Any CPU.Build.0 = Release|Any CPU
		{B3BE5EF3-FBB8-4CDB-A6DF-A2E869A3C4EF}.Release|ARM.ActiveCfg = Release|Any CPU
		{B3BE5EF3-FBB8-4CDB-A6DF-A2E869A3C4EF}.Release|ARM.Build.0 = Release|Any CPU
		{B3BE5EF3-FBB8-4CDB-A6DF-A2E869A3C4EF}.Release|x64.ActiveCfg = Release|Any CPU
		{B3BE5EF3-FBB8-4CDB-A6DF-A2E869A3C4EF}.Release|x64.Build.0 = Release|Any CPU
		{B3BE5EF3-FBB8-4CDB-A6DF-A2E869A3C4EF}.Release|x86.ActiveCfg = Release|Any CPU
		{B3BE5EF3-FBB8-4CDB-A6DF-A2E869A3C4EF}.Release|x86.Build.0 = Release|Any CPU
		{5758108B-0965-4063-9780-8E8B11EC5193}.Debug|Any CPU.ActiveCfg = Debug|Any CPU
		{5758108B-0965-4063-9780-8E8B11EC5193}.Debug|Any CPU.Build.0 = Debug|Any CPU
		{5758108B-0965-4063-9780-8E8B11EC5193}.Debug|ARM.ActiveCfg = Debug|Any CPU
		{5758108B-0965-4063-9780-8E8B11EC5193}.Debug|ARM.Build.0 = Debug|Any CPU
		{5758108B-0965-4063-9780-8E8B11EC5193}.Debug|x64.ActiveCfg = Debug|Any CPU
		{5758108B-0965-4063-9780-8E8B11EC5193}.Debug|x64.Build.0 = Debug|Any CPU
		{5758108B-0965-4063-9780-8E8B11EC5193}.Debug|x86.ActiveCfg = Debug|Any CPU
		{5758108B-0965-4063-9780-8E8B11EC5193}.Debug|x86.Build.0 = Debug|Any CPU
		{5758108B-0965-4063-9780-8E8B11EC5193}.Release|Any CPU.ActiveCfg = Release|Any CPU
		{5758108B-0965-4063-9780-8E8B11EC5193}.Release|Any CPU.Build.0 = Release|Any CPU
		{5758108B-0965-4063-9780-8E8B11EC5193}.Release|ARM.ActiveCfg = Release|Any CPU
		{5758108B-0965-4063-9780-8E8B11EC5193}.Release|ARM.Build.0 = Release|Any CPU
		{5758108B-0965-4063-9780-8E8B11EC5193}.Release|x64.ActiveCfg = Release|Any CPU
		{5758108B-0965-4063-9780-8E8B11EC5193}.Release|x64.Build.0 = Release|Any CPU
		{5758108B-0965-4063-9780-8E8B11EC5193}.Release|x86.ActiveCfg = Release|Any CPU
		{5758108B-0965-4063-9780-8E8B11EC5193}.Release|x86.Build.0 = Release|Any CPU
	EndGlobalSection
	GlobalSection(SolutionProperties) = preSolution
		HideSolutionNode = FALSE
	EndGlobalSection
	GlobalSection(NestedProjects) = preSolution
		{84A6BAA7-32B3-4D99-9280-87023BFF0A5B} = {962EC435-6130-4B75-BAC1-12323B067443}
		{3D85110C-80C3-4136-A828-22CB066362A0} = {962EC435-6130-4B75-BAC1-12323B067443}
		{3F8D6B13-B483-4873-8946-106D25BF6212} = {962EC435-6130-4B75-BAC1-12323B067443}
		{82A720E5-CF5C-4963-86CE-BEEE3040B413} = {962EC435-6130-4B75-BAC1-12323B067443}
		{B3BE5EF3-FBB8-4CDB-A6DF-A2E869A3C4EF} = {962EC435-6130-4B75-BAC1-12323B067443}
		{5758108B-0965-4063-9780-8E8B11EC5193} = {962EC435-6130-4B75-BAC1-12323B067443}
	EndGlobalSection
	GlobalSection(ExtensibilityGlobals) = postSolution
		SolutionGuid = {07A44726-8749-4A9A-8079-FA3C3213BDC1}
	EndGlobalSection
EndGlobal
